github.com/Motmedel/dns_utils v0.0.39 h1:Zbc+xgbelqRxluYHZICEXBXTXr5OUk0uUXkxHnsa7UI=
github.com/Motmedel/dns_utils v0.0.39/go.mod h1:FDp+Hg0XniOKfXfEDbGmO9wgbQ6sHe/1CsTqdOO6ML0=
github.com/Motmedel/dns_utils/pkg/log v0.0.6 h1:KJpzSsioCVH59DitMv9bOcPQ7Xr3HeNnwVQm21+3jGc=
github.com/Motmedel/dns_utils/pkg/log v0.0.6/go.mod h1:xRpaA4U5XrBsdG1fH/eQoSVvLJma5AyaSQYPZVquXoA=
github.com/Motmedel/ecs_go v0.0.62 h1:zoS2l556+tDVd635T7OfP4JLVyA8mrfReaDOA9FyxvQ=
github.com/Motmedel/ecs_go v0.0.62/go.mod h1:UwZhGtHYOtPrJ22s5hQTDpTbDPq9m+vfHItb8t++QKw=
github.com/Motmedel/utils_go v0.0.202 h1:TuGgoYBL7gRgJ3IKhUU+Bj7k7EkVi8SIRY4ChNNs5ts=
github.com/Motmedel/utils_go v0.0.202/go.mod h1:kKm8jM7GA8M7ICIImi5etOMixRgQfnStBPjEoCMTgbg=
github.com/Motmedel/utils_go/pkg/net/domain_breakdown v0.0.4 h1:HKnAihmiXayMLJpTLHcZ+CDZwzm/gtHbG0O2z/Ula1I=
github.com/Motmedel/utils_go/pkg/net/domain_breakdown v0.0.4/go.mod h1:9+oW16JZtqHOcJxe1J6BCZOtFFTi1a60LCESRZBq+Rg=
github.com/Motmedel/utils_go/pkg/tls/log v0.0.1 h1:QU3CZmNm0ClB4Q2706JNaPQWhxOQBHUe0RliKLfrydI=
github.com/Motmedel/utils_go/pkg/tls/log v0.0.1/go.mod h1:CUMobFu+ehg74sPhfvk29VzU1WzYPhIRmrZkDzwnN8g=
github.com/google/go-cmp v0.6.0 h1:ofyhxvXcZhMsU5ulbFiLKl/XBFqE1GSq7atu8tAmTRI=
github.com/google/go-cmp v0.6.0/go.mod h1:17dUlkBOakJ0+DkrSSNjCkIjxS6bF9zb3elmeNGIjoY=
github.com/miekg/dns v1.1.66 h1:FeZXOS3VCVsKnEAd+wBkjMC3D2K+ww66Cq3VnCINuJE=
github.com/miekg/dns v1.1.66/go.mod h1:jGFzBsSNbJw6z1HYut1RKBKHA9PBdxeHrZG8J+gC2WE=
golang.org/x/mod v0.24.0 h1:ZfthKaKaT4NrhGVZHO1/WDTwGES4De8KtWO0SIbNJMU=
golang.org/x/mod v0.24.0/go.mod h1:IXM97Txy2VM4PJ3gI61r1YEk/gAj6zAHN3AdZt6S9Ww=
golang.org/x/net v0.39.0 h1:ZCu7HMWDxpXpaiKdhzIfaltL9Lp31x/3fCP11bc6/fY=
golang.org/x/net v0.39.0/go.mod h1:X7NRbYVEA+ewNkCNyJ513WmMdQ3BineSwVtN2zD/d+E=
golang.org/x/sync v0.14.0 h1:woo0S4Yywslg6hp4eUFjTVOyKt0RookbpAHG4c1HmhQ=
golang.org/x/sync v0.14.0/go.mod h1:1dzgHSNfp02xaA81J2MS99Qcpr2w7fw1gpm99rleRqA=
golang.org/x/sys v0.32.0 h1:s77OFDvIQeibCmezSnk/q6iAfkdiQaJi4VzroCFrN20=
golang.org/x/sys v0.32.0/go.mod h1:BJP2sWEmIv4KK5OTEluFJCKSidICx8ciO85XgH3Ak8k=
golang.org/x/tools v0.32.0 h1:Q7N1vhpkQv7ybVzLFtTjvQya2ewbwNDZzUgfXGqtMWU=
golang.org/x/tools v0.32.0/go.mod h1:ZxrU41P/wAbZD8EDa6dDCa6XfpkhJ7HFMjHJXfBDu8s=
