github.com/Motmedel/dns_utils v0.0.47 h1:mRKboAK1RsfKDTvi9+be3EKrg2T0uk6SLFuCsqW15iw=
github.com/Motmedel/dns_utils v0.0.47/go.mod h1:rN3APwBlOqwia6JXrna7qWLGEt6FTWyLo0Jt0ic6vRA=
github.com/Motmedel/dns_utils/pkg/log v0.0.10 h1:jjM7nn8LeIYKRe+jTCS5SCbKCjk/Gamcv6hhMWZotrc=
github.com/Motmedel/dns_utils/pkg/log v0.0.10/go.mod h1:phM2LOVSpFYg+VdN3nj21qTAri+y9aqY8o2eQx9RdX0=
github.com/Motmedel/dns_utils/pkg/quic v0.0.2 h1:jgcuZqcVBEFUlFKgTMat1PQULfQ3q2UdHEBZJhD1Y58=
github.com/Motmedel/dns_utils/pkg/quic v0.0.2/go.mod h1:dd0giqhVZCmDwNG5HOxZlgDBM4uF+8MEerYamNKqY+k=
github.com/Motmedel/ecs_go v0.0.65 h1:RroupV9Cm+Rbg2uBHsqVE/haVPB5zi40rjNaysPevlA=
github.com/Motmedel/ecs_go v0.0.65/go.mod h1:v+wmsnskaH0xml1ik09LeDSsmw0U6IJZkuEPpR2cxkE=
github.com/Motmedel/utils_go v0.0.257 h1:UcYJ4GPMHFnaLQBwnx0P5G4dbFieg++uxgULTnfpNvw=
github.com/Motmedel/utils_go v0.0.257/go.mod h1:kKm8jM7GA8M7ICIImi5etOMixRgQfnStBPjEoCMTgbg=
github.com/Motmedel/utils_go/pkg/net/domain_breakdown v0.0.5 h1:57lx54tX6LbHjMNv0qGnwQB/eo7axhbDnd6rVWyWjxc=
github.com/Motmedel/utils_go/pkg/net/domain_breakdown v0.0.5/go.mod h1:sRPKDiIl1+iQ0eT9amSQKzBdFWDFXtxi32mEvBPm4BU=
github.com/davecgh/go-spew v1.1.1 h1:vj9j/u1bqnvCEfJOwUhtlOARqs3+rkHYY13jYWTU97c=
github.com/davecgh/go-spew v1.1.1/go.mod h1:J7Y8YcW2NihsgmVo/mv3lAwl/skON4iLHjSsI+c5H38=
github.com/google/go-cmp v0.7.0 h1:wk8382ETsv4JYUZwIsn6YpYiWiBsYLSJiTsyBybVuN8=
github.com/google/go-cmp v0.7.0/go.mod h1:pXiqmnSA92OHEEa9HXL2W4E7lf9JzCmGVUdgjX3N/iU=
github.com/miekg/dns v1.1.68 h1:jsSRkNozw7G/mnmXULynzMNIsgY2dHC8LO6U6Ij2JEA=
github.com/miekg/dns v1.1.68/go.mod h1:fujopn7TB3Pu3JM69XaawiU0wqjpL9/8xGop5UrTPps=
github.com/pmezard/go-difflib v1.0.0 h1:4DBwDE0NGyQoBHbLQYPwSUPoCMWR5BEzIk/f1lZbAQM=
github.com/pmezard/go-difflib v1.0.0/go.mod h1:iKH77koFhYxTK1pcRnkKkqfTogsbg7gZNVY4sRDYZ/4=
github.com/quic-go/quic-go v0.54.0 h1:6s1YB9QotYI6Ospeiguknbp2Znb/jZYjZLRXn9kMQBg=
github.com/quic-go/quic-go v0.54.0/go.mod h1:e68ZEaCdyviluZmy44P6Iey98v/Wfz6HCjQEm+l8zTY=
github.com/stretchr/testify v1.9.0 h1:HtqpIVDClZ4nwg75+f6Lvsy/wHu+3BoSGCbBAcpTsTg=
github.com/stretchr/testify v1.9.0/go.mod h1:r2ic/lqez/lEtzL7wO/rwa5dbSLXVDPFyf8C91i36aY=
github.com/vphpersson/argument_parser v0.0.2 h1:faivDy1eQhwJUv0ju5Ha2Os0IV3eIQg7jbBQW8uDdKg=
github.com/vphpersson/argument_parser v0.0.2/go.mod h1:LLqPT8YBQs/fQSd6LMYEQSyAnEvN/8+Z74lk4zgK7RM=
github.com/vphpersson/connection_pool v0.0.14 h1:LB3xkX6I1Tj60pEo8CSe7CkWx4fedL6PE/hqtCfFSIY=
github.com/vphpersson/connection_pool v0.0.14/go.mod h1:/ltHL6JrtuEqIOFZxbQYviGNgpPvE4hH+p3usTyBrx8=
go.uber.org/mock v0.5.0 h1:KAMbZvZPyBPWgD14IrIQ38QCyjwpvVVV6K/bHl1IwQU=
go.uber.org/mock v0.5.0/go.mod h1:ge71pBPLYDk7QIi1LupWxdAykm7KIEFchiOqd6z7qMM=
golang.org/x/crypto v0.42.0 h1:chiH31gIWm57EkTXpwnqf8qeuMUi0yekh6mT2AvFlqI=
golang.org/x/crypto v0.42.0/go.mod h1:4+rDnOTJhQCx2q7/j6rAN5XDw8kPjeaXEUR2eL94ix8=
golang.org/x/mod v0.28.0 h1:gQBtGhjxykdjY9YhZpSlZIsbnaE2+PgjfLWUQTnoZ1U=
golang.org/x/mod v0.28.0/go.mod h1:yfB/L0NOf/kmEbXjzCPOx1iK1fRutOydrCMsqRhEBxI=
golang.org/x/net v0.44.0 h1:evd8IRDyfNBMBTTY5XRF1vaZlD+EmWx6x8PkhR04H/I=
golang.org/x/net v0.44.0/go.mod h1:ECOoLqd5U3Lhyeyo/QDCEVQ4sNgYsqvCZ722XogGieY=
golang.org/x/sync v0.17.0 h1:l60nONMj9l5drqw6jlhIELNv9I0A4OFgRsG9k2oT9Ug=
golang.org/x/sync v0.17.0/go.mod h1:9KTHXmSnoGruLpwFjVSX0lNNA75CykiMECbovNTZqGI=
golang.org/x/sys v0.36.0 h1:KVRy2GtZBrk1cBYA7MKu5bEZFxQk4NIDV6RLVcC8o0k=
golang.org/x/sys v0.36.0/go.mod h1:OgkHotnGiDImocRcuBABYBEXf8A9a87e/uXjp9XT3ks=
golang.org/x/text v0.29.0 h1:1neNs90w9YzJ9BocxfsQNHKuAT4pkghyXc4nhZ6sJvk=
golang.org/x/text v0.29.0/go.mod h1:7MhJOA9CD2qZyOKYazxdYMF85OwPdEr9jTtBpO7ydH4=
golang.org/x/tools v0.37.0 h1:DVSRzp7FwePZW356yEAChSdNcQo6Nsp+fex1SUW09lE=
golang.org/x/tools v0.37.0/go.mod h1:MBN5QPQtLMHVdvsbtarmTNukZDdgwdwlO5qGacAzF0w=
gopkg.in/yaml.v3 v3.0.1 h1:fxVm/GzAzEWqLHuvctI91KS9hhNmmWOoWu0XTYJS7CA=
gopkg.in/yaml.v3 v3.0.1/go.mod h1:K4uyk7z7BCEPqu6E+C64Yfv1cQ7kz7rIZviUmN+EgEM=
